
Microsoft Visual Studio Solution File, Format Version 12.00
Project("{FAE04EC0-301F-11D3-BF4B-00C04F79EFBC}") = "ATMConsoleApp", "ATMConsoleApp\ATMConsoleApp.csproj", "{2D0E8184-E13D-479E-A011-EA0381B46D8C}"
EndProject
Project("{FAE04EC0-301F-11D3-BF4B-00C04F79EFBC}") = "ATMLibrary", "ATMLibrary\ATMLibrary.csproj", "{3FB58BBF-F46C-45E6-86DE-A9EAB6BCD9E8}"
EndProject
Project("{FAE04EC0-301F-11D3-BF4B-00C04F79EFBC}") = "ATMWindowsApp1", "ATMWindowsApp1\ATMWindowsApp1.csproj", "{D18792D2-0418-4907-AED5-C3321C497907}"
EndProject
Global
	GlobalSection(SolutionConfigurationPlatforms) = preSolution
		Debug|Any CPU = Debug|Any CPU
		Release|Any CPU = Release|Any CPU
	EndGlobalSection
	GlobalSection(ProjectConfigurationPlatforms) = postSolution
		{2D0E8184-E13D-479E-A011-EA0381B46D8C}.Debug|Any CPU.ActiveCfg = Debug|Any CPU
		{2D0E8184-E13D-479E-A011-EA0381B46D8C}.Debug|Any CPU.Build.0 = Debug|Any CPU
		{2D0E8184-E13D-479E-A011-EA0381B46D8C}.Release|Any CPU.ActiveCfg = Release|Any CPU
		{2D0E8184-E13D-479E-A011-EA0381B46D8C}.Release|Any CPU.Build.0 = Release|Any CPU
		{3FB58BBF-F46C-45E6-86DE-A9EAB6BCD9E8}.Debug|Any CPU.ActiveCfg = Debug|Any CPU
		{3FB58BBF-F46C-45E6-86DE-A9EAB6BCD9E8}.Debug|Any CPU.Build.0 = Debug|Any CPU
		{3FB58BBF-F46C-45E6-86DE-A9EAB6BCD9E8}.Release|Any CPU.ActiveCfg = Release|Any CPU
		{3FB58BBF-F46C-45E6-86DE-A9EAB6BCD9E8}.Release|Any CPU.Build.0 = Release|Any CPU
		{D18792D2-0418-4907-AED5-C3321C497907}.Debug|Any CPU.ActiveCfg = Debug|Any CPU
		{D18792D2-0418-4907-AED5-C3321C497907}.Debug|Any CPU.Build.0 = Debug|Any CPU
		{D18792D2-0418-4907-AED5-C3321C497907}.Release|Any CPU.ActiveCfg = Release|Any CPU
		{D18792D2-0418-4907-AED5-C3321C497907}.Release|Any CPU.Build.0 = Release|Any CPU
	EndGlobalSection
EndGlobal
